
Microsoft Visual Studio Solution File, Format Version 12.00
# Visual Studio Version 17
VisualStudioVersion = 17.13.35931.197 d17.13
MinimumVisualStudioVersion = 10.0.40219.1
Project("{FAE04EC0-301F-11D3-BF4B-00C04F79EFBC}") = "GUI", "GUI\GUI.csproj", "{428D9603-8B8E-4118-B167-0DF9962B822C}"
EndProject
Global
	GlobalSection(SolutionConfigurationPlatforms) = preSolution
		Debug|Any CPU = Debug|Any CPU
		Release|Any CPU = Release|Any CPU
	EndGlobalSection
	GlobalSection(ProjectConfigurationPlatforms) = postSolution
		{428D9603-8B8E-4118-B167-0DF9962B822C}.Debug|Any CPU.ActiveCfg = Debug|Any CPU
		{428D9603-8B8E-4118-B167-0DF9962B822C}.Debug|Any CPU.Build.0 = Debug|Any CPU
		{428D9603-8B8E-4118-B167-0DF9962B822C}.Release|Any CPU.ActiveCfg = Release|Any CPU
		{428D9603-8B8E-4118-B167-0DF9962B822C}.Release|Any CPU.Build.0 = Release|Any CPU
	EndGlobalSection
	GlobalSection(SolutionProperties) = preSolution
		HideSolutionNode = FALSE
	EndGlobalSection
	GlobalSection(ExtensibilityGlobals) = postSolution
		SolutionGuid = {272015BE-1F25-4273-9A7B-D6616BF27B78}
	EndGlobalSection
EndGlobal
